
Microsoft Visual Studio Solution File, Format Version 12.00
# Visual Studio 15
VisualStudioVersion = 15.0.28010.2046
MinimumVisualStudioVersion = 10.0.40219.1
Project("{FAE04EC0-301F-11D3-BF4B-00C04F79EFBC}") = "EIDSampleConsole", "EIDSampleConsole\EIDSampleConsole.csproj", "{3AAB75BE-8A4A-49E8-A61A-26055B6D85C3}"
EndProject
Global
	GlobalSection(SolutionConfigurationPlatforms) = preSolution
		Debug|Any CPU = Debug|Any CPU
		Release|Any CPU = Release|Any CPU
	EndGlobalSection
	GlobalSection(ProjectConfigurationPlatforms) = postSolution
		{3AAB75BE-8A4A-49E8-A61A-26055B6D85C3}.Debug|Any CPU.ActiveCfg = Debug|Any CPU
		{3AAB75BE-8A4A-49E8-A61A-26055B6D85C3}.Debug|Any CPU.Build.0 = Debug|Any CPU
		{3AAB75BE-8A4A-49E8-A61A-26055B6D85C3}.Release|Any CPU.ActiveCfg = Release|Any CPU
		{3AAB75BE-8A4A-49E8-A61A-26055B6D85C3}.Release|Any CPU.Build.0 = Release|Any CPU
	EndGlobalSection
	GlobalSection(SolutionProperties) = preSolution
		HideSolutionNode = FALSE
	EndGlobalSection
	GlobalSection(ExtensibilityGlobals) = postSolution
		SolutionGuid = {89B1351B-E8EA-42FD-AD32-77137BFBB736}
	EndGlobalSection
EndGlobal
